// !$*UTF8*$!
{
	archiveVersion = 1;
	classes = {
	};
	objectVersion = 55;
	objects = {

/* Begin PBXBuildFile section */
		A2142CAC279FC0CE00B4DC68 /* WordleApp.swift in Sources */ = {isa = PBXBuildFile; fileRef = A2142CAB279FC0CE00B4DC68 /* WordleApp.swift */; };
		A2142CAE279FC0CE00B4DC68 /* GameView.swift in Sources */ = {isa = PBXBuildFile; fileRef = A2142CAD279FC0CE00B4DC68 /* GameView.swift */; };
		A2142CB0279FC0D200B4DC68 /* Assets.xcassets in Resources */ = {isa = PBXBuildFile; fileRef = A2142CAF279FC0D200B4DC68 /* Assets.xcassets */; };
		A2142CB3279FC0D200B4DC68 /* Preview Assets.xcassets in Resources */ = {isa = PBXBuildFile; fileRef = A2142CB2279FC0D200B4DC68 /* Preview Assets.xcassets */; };
		A2142CBC27A0ABF800B4DC68 /* Game.swift in Sources */ = {isa = PBXBuildFile; fileRef = A2142CBB27A0ABF800B4DC68 /* Game.swift */; };
		A2142CBE27A0AC0400B4DC68 /* Attempt.swift in Sources */ = {isa = PBXBuildFile; fileRef = A2142CBD27A0AC0400B4DC68 /* Attempt.swift */; };
		A2142CC027A0C31800B4DC68 /* Letter.swift in Sources */ = {isa = PBXBuildFile; fileRef = A2142CBF27A0C31800B4DC68 /* Letter.swift */; };
/* End PBXBuildFile section */

/* Begin PBXFileReference section */
		A2142CA8279FC0CE00B4DC68 /* Wordle.app */ = {isa = PBXFileReference; explicitFileType = wrapper.application; includeInIndex = 0; path = Wordle.app; sourceTree = BUILT_PRODUCTS_DIR; };
		A2142CAB279FC0CE00B4DC68 /* WordleApp.swift */ = {isa = PBXFileReference; lastKnownFileType = sourcecode.swift; path = WordleApp.swift; sourceTree = "<group>"; };
		A2142CAD279FC0CE00B4DC68 /* GameView.swift */ = {isa = PBXFileReference; lastKnownFileType = sourcecode.swift; path = GameView.swift; sourceTree = "<group>"; };
		A2142CAF279FC0D200B4DC68 /* Assets.xcassets */ = {isa = PBXFileReference; lastKnownFileType = folder.assetcatalog; path = Assets.xcassets; sourceTree = "<group>"; };
		A2142CB2279FC0D200B4DC68 /* Preview Assets.xcassets */ = {isa = PBXFileReference; lastKnownFileType = folder.assetcatalog; path = "Preview Assets.xcassets"; sourceTree = "<group>"; };
		A2142CBB27A0ABF800B4DC68 /* Game.swift */ = {isa = PBXFileReference; lastKnownFileType = sourcecode.swift; path = Game.swift; sourceTree = "<group>"; };
		A2142CBD27A0AC0400B4DC68 /* Attempt.swift */ = {isa = PBXFileReference; lastKnownFileType = sourcecode.swift; path = Attempt.swift; sourceTree = "<group>"; };
		A2142CBF27A0C31800B4DC68 /* Letter.swift */ = {isa = PBXFileReference; lastKnownFileType = sourcecode.swift; path = Letter.swift; sourceTree = "<group>"; };
/* End PBXFileReference section */

/* Begin PBXFrameworksBuildPhase section */
		A2142CA5279FC0CE00B4DC68 /* Frameworks */ = {
			isa = PBXFrameworksBuildPhase;
			buildActionMask = 2147483647;
			files = (
			);
			runOnlyForDeploymentPostprocessing = 0;
		};
/* End PBXFrameworksBuildPhase section */

/* Begin PBXGroup section */
		A2142C9F279FC0CE00B4DC68 = {
			isa = PBXGroup;
			children = (
				A2142CAA279FC0CE00B4DC68 /* Wordle */,
				A2142CA9279FC0CE00B4DC68 /* Products */,
			);
			sourceTree = "<group>";
		};
		A2142CA9279FC0CE00B4DC68 /* Products */ = {
			isa = PBXGroup;
			children = (
				A2142CA8279FC0CE00B4DC68 /* Wordle.app */,
			);
			name = Products;
			sourceTree = "<group>";
		};
		A2142CAA279FC0CE00B4DC68 /* Wordle */ = {
			isa = PBXGroup;
			children = (
				A2142CAB279FC0CE00B4DC68 /* WordleApp.swift */,
				A2142CAD279FC0CE00B4DC68 /* GameView.swift */,
				A2142CBA27A0ABE300B4DC68 /* Source */,
				A2142CB9279FC1E900B4DC68 /* Resources */,
				A2142CB1279FC0D200B4DC68 /* Preview Content */,
			);
			path = Wordle;
			sourceTree = "<group>";
		};
		A2142CB1279FC0D200B4DC68 /* Preview Content */ = {
			isa = PBXGroup;
			children = (
				A2142CB2279FC0D200B4DC68 /* Preview Assets.xcassets */,
			);
			path = "Preview Content";
			sourceTree = "<group>";
		};
		A2142CB9279FC1E900B4DC68 /* Resources */ = {
			isa = PBXGroup;
			children = (
				A2142CAF279FC0D200B4DC68 /* Assets.xcassets */,
			);
			path = Resources;
			sourceTree = "<group>";
		};
		A2142CBA27A0ABE300B4DC68 /* Source */ = {
			isa = PBXGroup;
			children = (
				A2142CBB27A0ABF800B4DC68 /* Game.swift */,
				A2142CBD27A0AC0400B4DC68 /* Attempt.swift */,
				A2142CBF27A0C31800B4DC68 /* Letter.swift */,
			);
			path = Source;
			sourceTree = "<group>";
		};
/* End PBXGroup section */

/* Begin PBXNativeTarget section */
		A2142CA7279FC0CE00B4DC68 /* Wordle */ = {
			isa = PBXNativeTarget;
			buildConfigurationList = A2142CB6279FC0D200B4DC68 /* Build configuration list for PBXNativeTarget "Wordle" */;
			buildPhases = (
				A2142CA4279FC0CE00B4DC68 /* Sources */,
				A2142CA5279FC0CE00B4DC68 /* Frameworks */,
				A2142CA6279FC0CE00B4DC68 /* Resources */,
			);
			buildRules = (
			);
			dependencies = (
			);
			name = Wordle;
			productName = Wordle;
			productReference = A2142CA8279FC0CE00B4DC68 /* Wordle.app */;
			productType = "com.apple.product-type.application";
		};
/* End PBXNativeTarget section */

/* Begin PBXProject section */
		A2142CA0279FC0CE00B4DC68 /* Project object */ = {
			isa = PBXProject;
			attributes = {
				BuildIndependentTargetsInParallel = 1;
				LastSwiftUpdateCheck = 1320;
				LastUpgradeCheck = 1320;
				TargetAttributes = {
					A2142CA7279FC0CE00B4DC68 = {
						CreatedOnToolsVersion = 13.2.1;
					};
				};
			};
			buildConfigurationList = A2142CA3279FC0CE00B4DC68 /* Build configuration list for PBXProject "Wordle" */;
			compatibilityVersion = "Xcode 13.0";
			developmentRegion = en;
			hasScannedForEncodings = 0;
			knownRegions = (
				en,
				Base,
			);
			mainGroup = A2142C9F279FC0CE00B4DC68;
			productRefGroup = A2142CA9279FC0CE00B4DC68 /* Products */;
			projectDirPath = "";
			projectRoot = "";
			targets = (
				A2142CA7279FC0CE00B4DC68 /* Wordle */,
			);
		};
/* End PBXProject section */

/* Begin PBXResourcesBuildPhase section */
		A2142CA6279FC0CE00B4DC68 /* Resources */ = {
			isa = PBXResourcesBuildPhase;
			buildActionMask = 2147483647;
			files = (
				A2142CB3279FC0D200B4DC68 /* Preview Assets.xcassets in Resources */,
				A2142CB0279FC0D200B4DC68 /* Assets.xcassets in Resources */,
			);
			runOnlyForDeploymentPostprocessing = 0;
		};
/* End PBXResourcesBuildPhase section */

/* Begin PBXSourcesBuildPhase section */
		A2142CA4279FC0CE00B4DC68 /* Sources */ = {
			isa = PBXSourcesBuildPhase;
			buildActionMask = 2147483647;
			files = (
				A2142CAE279FC0CE00B4DC68 /* GameView.swift in Sources */,
				A2142CBC27A0ABF800B4DC68 /* Game.swift in Sources */,
				A2142CC027A0C31800B4DC68 /* Letter.swift in Sources */,
				A2142CAC279FC0CE00B4DC68 /* WordleApp.swift in Sources */,
				A2142CBE27A0AC0400B4DC68 /* Attempt.swift in Sources */,
			);
			runOnlyForDeploymentPostprocessing = 0;
		};
/* End PBXSourcesBuildPhase section */

/* Begin XCBuildConfiguration section */
		A2142CB4279FC0D200B4DC68 /* Debug */ = {
			isa = XCBuildConfiguration;
			buildSettings = {
				ALWAYS_SEARCH_USER_PATHS = NO;
				CLANG_ANALYZER_NONNULL = YES;
				CLANG_ANALYZER_NUMBER_OBJECT_CONVERSION = YES_AGGRESSIVE;
				CLANG_CXX_LANGUAGE_STANDARD = "gnu++17";
				CLANG_CXX_LIBRARY = "libc++";
				CLANG_ENABLE_MODULES = YES;
				CLANG_ENABLE_OBJC_ARC = YES;
				CLANG_ENABLE_OBJC_WEAK = YES;
				CLANG_WARN_BLOCK_CAPTURE_AUTORELEASING = YES;
				CLANG_WARN_BOOL_CONVERSION = YES;
				CLANG_WARN_COMMA = YES;
				CLANG_WARN_CONSTANT_CONVERSION = YES;
				CLANG_WARN_DEPRECATED_OBJC_IMPLEMENTATIONS = YES;
				CLANG_WARN_DIRECT_OBJC_ISA_USAGE = YES_ERROR;
				CLANG_WARN_DOCUMENTATION_COMMENTS = YES;
				CLANG_WARN_EMPTY_BODY = YES;
				CLANG_WARN_ENUM_CONVERSION = YES;
				CLANG_WARN_INFINITE_RECURSION = YES;
				CLANG_WARN_INT_CONVERSION = YES;
				CLANG_WARN_NON_LITERAL_NULL_CONVERSION = YES;
				CLANG_WARN_OBJC_IMPLICIT_RETAIN_SELF = YES;
				CLANG_WARN_OBJC_LITERAL_CONVERSION = YES;
				CLANG_WARN_OBJC_ROOT_CLASS = YES_ERROR;
				CLANG_WARN_QUOTED_INCLUDE_IN_FRAMEWORK_HEADER = YES;
				CLANG_WARN_RANGE_LOOP_ANALYSIS = YES;
				CLANG_WARN_STRICT_PROTOTYPES = YES;
				CLANG_WARN_SUSPICIOUS_MOVE = YES;
				CLANG_WARN_UNGUARDED_AVAILABILITY = YES_AGGRESSIVE;
				CLANG_WARN_UNREACHABLE_CODE = YES;
				CLANG_WARN__DUPLICATE_METHOD_MATCH = YES;
				COPY_PHASE_STRIP = NO;
				DEBUG_INFORMATION_FORMAT = dwarf;
				ENABLE_STRICT_OBJC_MSGSEND = YES;
				ENABLE_TESTABILITY = YES;
				GCC_C_LANGUAGE_STANDARD = gnu11;
				GCC_DYNAMIC_NO_PIC = NO;
				GCC_NO_COMMON_BLOCKS = YES;
				GCC_OPTIMIZATION_LEVEL = 0;
				GCC_PREPROCESSOR_DEFINITIONS = (
					"DEBUG=1",
					"$(inherited)",
				);
				GCC_WARN_64_TO_32_BIT_CONVERSION = YES;
				GCC_WARN_ABOUT_RETURN_TYPE = YES_ERROR;
				GCC_WARN_UNDECLARED_SELECTOR = YES;
				GCC_WARN_UNINITIALIZED_AUTOS = YES_AGGRESSIVE;
				GCC_WARN_UNUSED_FUNCTION = YES;
				GCC_WARN_UNUSED_VARIABLE = YES;
				IPHONEOS_DEPLOYMENT_TARGET = 15.2;
				MTL_ENABLE_DEBUG_INFO = INCLUDE_SOURCE;
				MTL_FAST_MATH = YES;
				ONLY_ACTIVE_ARCH = YES;
				SDKROOT = iphoneos;
				SWIFT_ACTIVE_COMPILATION_CONDITIONS = DEBUG;
				SWIFT_OPTIMIZATION_LEVEL = "-Onone";
			};
			name = Debug;
		};
		A2142CB5279FC0D200B4DC68 /* Release */ = {
			isa = XCBuildConfiguration;
			buildSettings = {
				ALWAYS_SEARCH_USER_PATHS = NO;
				CLANG_ANALYZER_NONNULL = YES;
				CLANG_ANALYZER_NUMBER_OBJECT_CONVERSION = YES_AGGRESSIVE;
				CLANG_CXX_LANGUAGE_STANDARD = "gnu++17";
				CLANG_CXX_LIBRARY = "libc++";
				CLANG_ENABLE_MODULES = YES;
				CLANG_ENABLE_OBJC_ARC = YES;
				CLANG_ENABLE_OBJC_WEAK = YES;
				CLANG_WARN_BLOCK_CAPTURE_AUTORELEASING = YES;
				CLANG_WARN_BOOL_CONVERSION = YES;
				CLANG_WARN_COMMA = YES;
				CLANG_WARN_CONSTANT_CONVERSION = YES;
				CLANG_WARN_DEPRECATED_OBJC_IMPLEMENTATIONS = YES;
				CLANG_WARN_DIRECT_OBJC_ISA_USAGE = YES_ERROR;
				CLANG_WARN_DOCUMENTATION_COMMENTS = YES;
				CLANG_WARN_EMPTY_BODY = YES;
				CLANG_WARN_ENUM_CONVERSION = YES;
				CLANG_WARN_INFINITE_RECURSION = YES;
				CLANG_WARN_INT_CONVERSION = YES;
				CLANG_WARN_NON_LITERAL_NULL_CONVERSION = YES;
				CLANG_WARN_OBJC_IMPLICIT_RETAIN_SELF = YES;
				CLANG_WARN_OBJC_LITERAL_CONVERSION = YES;
				CLANG_WARN_OBJC_ROOT_CLASS = YES_ERROR;
				CLANG_WARN_QUOTED_INCLUDE_IN_FRAMEWORK_HEADER = YES;
				CLANG_WARN_RANGE_LOOP_ANALYSIS = YES;
				CLANG_WARN_STRICT_PROTOTYPES = YES;
				CLANG_WARN_SUSPICIOUS_MOVE = YES;
				CLANG_WARN_UNGUARDED_AVAILABILITY = YES_AGGRESSIVE;
				CLANG_WARN_UNREACHABLE_CODE = YES;
				CLANG_WARN__DUPLICATE_METHOD_MATCH = YES;
				COPY_PHASE_STRIP = NO;
				DEBUG_INFORMATION_FORMAT = "dwarf-with-dsym";
				ENABLE_NS_ASSERTIONS = NO;
				ENABLE_STRICT_OBJC_MSGSEND = YES;
				GCC_C_LANGUAGE_STANDARD = gnu11;
				GCC_NO_COMMON_BLOCKS = YES;
				GCC_WARN_64_TO_32_BIT_CONVERSION = YES;
				GCC_WARN_ABOUT_RETURN_TYPE = YES_ERROR;
				GCC_WARN_UNDECLARED_SELECTOR = YES;
				GCC_WARN_UNINITIALIZED_AUTOS = YES_AGGRESSIVE;
				GCC_WARN_UNUSED_FUNCTION = YES;
				GCC_WARN_UNUSED_VARIABLE = YES;
				IPHONEOS_DEPLOYMENT_TARGET = 15.2;
				MTL_ENABLE_DEBUG_INFO = NO;
				MTL_FAST_MATH = YES;
				SDKROOT = iphoneos;
				SWIFT_COMPILATION_MODE = wholemodule;
				SWIFT_OPTIMIZATION_LEVEL = "-O";
				VALIDATE_PRODUCT = YES;
			};
			name = Release;
		};
		A2142CB7279FC0D200B4DC68 /* Debug */ = {
			isa = XCBuildConfiguration;
			buildSettings = {
				ASSETCATALOG_COMPILER_APPICON_NAME = AppIcon;
				ASSETCATALOG_COMPILER_GLOBAL_ACCENT_COLOR_NAME = AccentColor;
				CODE_SIGN_STYLE = Automatic;
				CURRENT_PROJECT_VERSION = 1;
				DEVELOPMENT_ASSET_PATHS = "\"Wordle/Preview Content\"";
				DEVELOPMENT_TEAM = H2TZ68XJU7;
				ENABLE_PREVIEWS = YES;
				GENERATE_INFOPLIST_FILE = YES;
				INFOPLIST_KEY_UIApplicationSceneManifest_Generation = YES;
				INFOPLIST_KEY_UIApplicationSupportsIndirectInputEvents = YES;
				INFOPLIST_KEY_UILaunchScreen_Generation = YES;
				INFOPLIST_KEY_UISupportedInterfaceOrientations_iPad = "UIInterfaceOrientationPortrait UIInterfaceOrientationPortraitUpsideDown UIInterfaceOrientationLandscapeLeft UIInterfaceOrientationLandscapeRight";
				INFOPLIST_KEY_UISupportedInterfaceOrientations_iPhone = "UIInterfaceOrientationPortrait UIInterfaceOrientationLandscapeLeft UIInterfaceOrientationLandscapeRight";
				LD_RUNPATH_SEARCH_PATHS = (
					"$(inherited)",
					"@executable_path/Frameworks",
				);
				MARKETING_VERSION = 1.0;
				PRODUCT_BUNDLE_IDENTIFIER = com.Wordle;
				PRODUCT_NAME = "$(TARGET_NAME)";
				SWIFT_EMIT_LOC_STRINGS = YES;
				SWIFT_VERSION = 5.0;
				TARGETED_DEVICE_FAMILY = "1,2";
			};
			name = Debug;
		};
		A2142CB8279FC0D200B4DC68 /* Release */ = {
			isa = XCBuildConfiguration;
			buildSettings = {
				ASSETCATALOG_COMPILER_APPICON_NAME = AppIcon;
				ASSETCATALOG_COMPILER_GLOBAL_ACCENT_COLOR_NAME = AccentColor;
				CODE_SIGN_STYLE = Automatic;
				CURRENT_PROJECT_VERSION = 1;
				DEVELOPMENT_ASSET_PATHS = "\"Wordle/Preview Content\"";
				DEVELOPMENT_TEAM = H2TZ68XJU7;
				ENABLE_PREVIEWS = YES;
				GENERATE_INFOPLIST_FILE = YES;
				INFOPLIST_KEY_UIApplicationSceneManifest_Generation = YES;
				INFOPLIST_KEY_UIApplicationSupportsIndirectInputEvents = YES;
				INFOPLIST_KEY_UILaunchScreen_Generation = YES;
				INFOPLIST_KEY_UISupportedInterfaceOrientations_iPad = "UIInterfaceOrientationPortrait UIInterfaceOrientationPortraitUpsideDown UIInterfaceOrientationLandscapeLeft UIInterfaceOrientationLandscapeRight";
				INFOPLIST_KEY_UISupportedInterfaceOrientations_iPhone = "UIInterfaceOrientationPortrait UIInterfaceOrientationLandscapeLeft UIInterfaceOrientationLandscapeRight";
				LD_RUNPATH_SEARCH_PATHS = (
					"$(inherited)",
					"@executable_path/Frameworks",
				);
				MARKETING_VERSION = 1.0;
				PRODUCT_BUNDLE_IDENTIFIER = com.Wordle;
				PRODUCT_NAME = "$(TARGET_NAME)";
				SWIFT_EMIT_LOC_STRINGS = YES;
				SWIFT_VERSION = 5.0;
				TARGETED_DEVICE_FAMILY = "1,2";
			};
			name = Release;
		};
/* End XCBuildConfiguration section */

/* Begin XCConfigurationList section */
		A2142CA3279FC0CE00B4DC68 /* Build configuration list for PBXProject "Wordle" */ = {
			isa = XCConfigurationList;
			buildConfigurations = (
				A2142CB4279FC0D200B4DC68 /* Debug */,
				A2142CB5279FC0D200B4DC68 /* Release */,
			);
			defaultConfigurationIsVisible = 0;
			defaultConfigurationName = Release;
		};
		A2142CB6279FC0D200B4DC68 /* Build configuration list for PBXNativeTarget "Wordle" */ = {
			isa = XCConfigurationList;
			buildConfigurations = (
				A2142CB7279FC0D200B4DC68 /* Debug */,
				A2142CB8279FC0D200B4DC68 /* Release */,
			);
			defaultConfigurationIsVisible = 0;
			defaultConfigurationName = Release;
		};
/* End XCConfigurationList section */
	};
	rootObject = A2142CA0279FC0CE00B4DC68 /* Project object */;
}
